
Microsoft Visual Studio Solution File, Format Version 12.00
# Visual Studio Version 17
VisualStudioVersion = 17.14.36414.22 d17.14
MinimumVisualStudioVersion = 10.0.40219.1
Project("{2150E333-8FDC-42A3-9474-1A3956D46DE8}") = "01.Domain", "01.Domain", "{02EA681E-C7D8-13C7-8484-4AC65E1B71E8}"
EndProject
Project("{2150E333-8FDC-42A3-9474-1A3956D46DE8}") = "02.Infrastructure", "02.Infrastructure", "{C60E1CDF-09B6-4E79-A6EF-AA03365CD700}"
EndProject
Project("{2150E333-8FDC-42A3-9474-1A3956D46DE8}") = "03.Presentation", "03.Presentation", "{15A1F653-9BCA-4E90-8C65-C0848027EEF3}"
EndProject
Project("{2150E333-8FDC-42A3-9474-1A3956D46DE8}") = "Core", "Core", "{297BA4F1-D25B-4B92-9A2B-3A67F53B7D1F}"
EndProject
Project("{2150E333-8FDC-42A3-9474-1A3956D46DE8}") = "Services", "Services", "{74A69F1C-46F6-4E08-B9F9-908DBD0931B2}"
EndProject
Project("{FAE04EC0-301F-11D3-BF4B-00C04F79EFBC}") = "EShop.Domain.Core", "src\01.Domain\Core\EShop.Domain.Core\EShop.Domain.Core.csproj", "{487E24B6-D778-482D-B504-43DD18E56310}"
EndProject
Project("{2150E333-8FDC-42A3-9474-1A3956D46DE8}") = "src", "src", "{3616A9EA-6D2C-45CE-9CAD-2DB690EFB2AE}"
EndProject
Project("{FAE04EC0-301F-11D3-BF4B-00C04F79EFBC}") = "EShop.Domain.AppServices", "src\01.Domain\Services\EShop.Domain.AppServices\EShop.Domain.AppServices.csproj", "{8D440828-51D7-4BCC-A8A8-253E15A9271D}"
EndProject
Project("{FAE04EC0-301F-11D3-BF4B-00C04F79EFBC}") = "EShop.Domain.Services", "src\01.Domain\Services\EShop.Domain.Services\EShop.Domain.Services.csproj", "{07B89605-4114-4A2B-B8B8-898C98F804A2}"
EndProject
Project("{2150E333-8FDC-42A3-9474-1A3956D46DE8}") = "DataAccess", "DataAccess", "{04CEAA42-E118-4F6F-9380-B22AF6276A1A}"
EndProject
Project("{2150E333-8FDC-42A3-9474-1A3956D46DE8}") = "Db", "Db", "{BFB0ACD5-49D1-42B1-9F30-0E68778C72AB}"
EndProject
Project("{2150E333-8FDC-42A3-9474-1A3956D46DE8}") = "Provider", "Provider", "{2C7E0414-6D26-4D1D-B0F5-E726F837D5B2}"
EndProject
Project("{FAE04EC0-301F-11D3-BF4B-00C04F79EFBC}") = "EShop.Infra.Repository", "src\02.Infrastructure\EShop.Infra.Repository\EShop.Infra.Repository.csproj", "{C567EB57-704A-47CB-87E8-749E190BA629}"
EndProject
Project("{FAE04EC0-301F-11D3-BF4B-00C04F79EFBC}") = "EShop.Infra.Db.Sql", "src\02.Infrastructure\EShop.Infra.Db.Sql\EShop.Infra.Db.Sql.csproj", "{CF840589-13E8-494B-8204-4534A2715B7E}"
EndProject
Global
	GlobalSection(SolutionConfigurationPlatforms) = preSolution
		Debug|Any CPU = Debug|Any CPU
		Release|Any CPU = Release|Any CPU
	EndGlobalSection
	GlobalSection(ProjectConfigurationPlatforms) = postSolution
		{487E24B6-D778-482D-B504-43DD18E56310}.Debug|Any CPU.ActiveCfg = Debug|Any CPU
		{487E24B6-D778-482D-B504-43DD18E56310}.Debug|Any CPU.Build.0 = Debug|Any CPU
		{487E24B6-D778-482D-B504-43DD18E56310}.Release|Any CPU.ActiveCfg = Release|Any CPU
		{487E24B6-D778-482D-B504-43DD18E56310}.Release|Any CPU.Build.0 = Release|Any CPU
		{8D440828-51D7-4BCC-A8A8-253E15A9271D}.Debug|Any CPU.ActiveCfg = Debug|Any CPU
		{8D440828-51D7-4BCC-A8A8-253E15A9271D}.Debug|Any CPU.Build.0 = Debug|Any CPU
		{8D440828-51D7-4BCC-A8A8-253E15A9271D}.Release|Any CPU.ActiveCfg = Release|Any CPU
		{8D440828-51D7-4BCC-A8A8-253E15A9271D}.Release|Any CPU.Build.0 = Release|Any CPU
		{07B89605-4114-4A2B-B8B8-898C98F804A2}.Debug|Any CPU.ActiveCfg = Debug|Any CPU
		{07B89605-4114-4A2B-B8B8-898C98F804A2}.Debug|Any CPU.Build.0 = Debug|Any CPU
		{07B89605-4114-4A2B-B8B8-898C98F804A2}.Release|Any CPU.ActiveCfg = Release|Any CPU
		{07B89605-4114-4A2B-B8B8-898C98F804A2}.Release|Any CPU.Build.0 = Release|Any CPU
		{C567EB57-704A-47CB-87E8-749E190BA629}.Debug|Any CPU.ActiveCfg = Debug|Any CPU
		{C567EB57-704A-47CB-87E8-749E190BA629}.Debug|Any CPU.Build.0 = Debug|Any CPU
		{C567EB57-704A-47CB-87E8-749E190BA629}.Release|Any CPU.ActiveCfg = Release|Any CPU
		{C567EB57-704A-47CB-87E8-749E190BA629}.Release|Any CPU.Build.0 = Release|Any CPU
		{CF840589-13E8-494B-8204-4534A2715B7E}.Debug|Any CPU.ActiveCfg = Debug|Any CPU
		{CF840589-13E8-494B-8204-4534A2715B7E}.Debug|Any CPU.Build.0 = Debug|Any CPU
		{CF840589-13E8-494B-8204-4534A2715B7E}.Release|Any CPU.ActiveCfg = Release|Any CPU
		{CF840589-13E8-494B-8204-4534A2715B7E}.Release|Any CPU.Build.0 = Release|Any CPU
	EndGlobalSection
	GlobalSection(SolutionProperties) = preSolution
		HideSolutionNode = FALSE
	EndGlobalSection
	GlobalSection(NestedProjects) = preSolution
		{02EA681E-C7D8-13C7-8484-4AC65E1B71E8} = {3616A9EA-6D2C-45CE-9CAD-2DB690EFB2AE}
		{C60E1CDF-09B6-4E79-A6EF-AA03365CD700} = {3616A9EA-6D2C-45CE-9CAD-2DB690EFB2AE}
		{15A1F653-9BCA-4E90-8C65-C0848027EEF3} = {3616A9EA-6D2C-45CE-9CAD-2DB690EFB2AE}
		{297BA4F1-D25B-4B92-9A2B-3A67F53B7D1F} = {02EA681E-C7D8-13C7-8484-4AC65E1B71E8}
		{74A69F1C-46F6-4E08-B9F9-908DBD0931B2} = {02EA681E-C7D8-13C7-8484-4AC65E1B71E8}
		{487E24B6-D778-482D-B504-43DD18E56310} = {297BA4F1-D25B-4B92-9A2B-3A67F53B7D1F}
		{8D440828-51D7-4BCC-A8A8-253E15A9271D} = {74A69F1C-46F6-4E08-B9F9-908DBD0931B2}
		{07B89605-4114-4A2B-B8B8-898C98F804A2} = {74A69F1C-46F6-4E08-B9F9-908DBD0931B2}
		{04CEAA42-E118-4F6F-9380-B22AF6276A1A} = {C60E1CDF-09B6-4E79-A6EF-AA03365CD700}
		{BFB0ACD5-49D1-42B1-9F30-0E68778C72AB} = {C60E1CDF-09B6-4E79-A6EF-AA03365CD700}
		{2C7E0414-6D26-4D1D-B0F5-E726F837D5B2} = {C60E1CDF-09B6-4E79-A6EF-AA03365CD700}
		{C567EB57-704A-47CB-87E8-749E190BA629} = {04CEAA42-E118-4F6F-9380-B22AF6276A1A}
		{CF840589-13E8-494B-8204-4534A2715B7E} = {BFB0ACD5-49D1-42B1-9F30-0E68778C72AB}
	EndGlobalSection
	GlobalSection(ExtensibilityGlobals) = postSolution
		SolutionGuid = {2392A48C-0039-477C-80A1-FCE2F911C9D6}
	EndGlobalSection
EndGlobal
